
Microsoft Visual Studio Solution File, Format Version 12.00
# Visual Studio Version 17
VisualStudioVersion = 17.13.35931.197 d17.13
MinimumVisualStudioVersion = 10.0.40219.1
Project("{FAE04EC0-301F-11D3-BF4B-00C04F79EFBC}") = "CuriousJordanMSWebApp", "CuriousJordanMSWebApp\CuriousJordanMSWebApp.csproj", "{EACC647B-F88A-404D-A4BA-BBF45C0D5989}"
EndProject
Global
	GlobalSection(SolutionConfigurationPlatforms) = preSolution
		Debug|Any CPU = Debug|Any CPU
		Release|Any CPU = Release|Any CPU
	EndGlobalSection
	GlobalSection(ProjectConfigurationPlatforms) = postSolution
		{EACC647B-F88A-404D-A4BA-BBF45C0D5989}.Debug|Any CPU.ActiveCfg = Debug|Any CPU
		{EACC647B-F88A-404D-A4BA-BBF45C0D5989}.Debug|Any CPU.Build.0 = Debug|Any CPU
		{EACC647B-F88A-404D-A4BA-BBF45C0D5989}.Release|Any CPU.ActiveCfg = Release|Any CPU
		{EACC647B-F88A-404D-A4BA-BBF45C0D5989}.Release|Any CPU.Build.0 = Release|Any CPU
	EndGlobalSection
	GlobalSection(SolutionProperties) = preSolution
		HideSolutionNode = FALSE
	EndGlobalSection
	GlobalSection(ExtensibilityGlobals) = postSolution
		SolutionGuid = {4E9B639C-874A-4058-95F7-23E1F99BE7D5}
	EndGlobalSection
EndGlobal
